
Microsoft Visual Studio Solution File, Format Version 12.00
# Visual Studio Version 17
VisualStudioVersion = 17.5.33627.172
MinimumVisualStudioVersion = 10.0.40219.1
Project("{FAE04EC0-301F-11D3-BF4B-00C04F79EFBC}") = "BedAndBreakfast.Domain", "BedAndBreakfast.Domain\BedAndBreakfast.Domain.csproj", "{F3AB7250-7FD1-4BBE-BFAC-030C70E8BE36}"
EndProject
Project("{FAE04EC0-301F-11D3-BF4B-00C04F79EFBC}") = "BedAndBreakfast.Cui", "BedAndBreakfast.Cui\BedAndBreakfast.Cui.csproj", "{A4A1003C-A294-4FA9-8624-B01281C5BB41}"
EndProject
Project("{FAE04EC0-301F-11D3-BF4B-00C04F79EFBC}") = "BedAndBreakfast.StartUp", "BedAndBreakfast.StartUp\BedAndBreakfast.StartUp.csproj", "{EE9A32AF-4F9D-4568-94C1-D76B96E3503B}"
EndProject
Global
	GlobalSection(SolutionConfigurationPlatforms) = preSolution
		Debug|Any CPU = Debug|Any CPU
		Release|Any CPU = Release|Any CPU
	EndGlobalSection
	GlobalSection(ProjectConfigurationPlatforms) = postSolution
		{F3AB7250-7FD1-4BBE-BFAC-030C70E8BE36}.Debug|Any CPU.ActiveCfg = Debug|Any CPU
		{F3AB7250-7FD1-4BBE-BFAC-030C70E8BE36}.Debug|Any CPU.Build.0 = Debug|Any CPU
		{F3AB7250-7FD1-4BBE-BFAC-030C70E8BE36}.Release|Any CPU.ActiveCfg = Release|Any CPU
		{F3AB7250-7FD1-4BBE-BFAC-030C70E8BE36}.Release|Any CPU.Build.0 = Release|Any CPU
		{A4A1003C-A294-4FA9-8624-B01281C5BB41}.Debug|Any CPU.ActiveCfg = Debug|Any CPU
		{A4A1003C-A294-4FA9-8624-B01281C5BB41}.Debug|Any CPU.Build.0 = Debug|Any CPU
		{A4A1003C-A294-4FA9-8624-B01281C5BB41}.Release|Any CPU.ActiveCfg = Release|Any CPU
		{A4A1003C-A294-4FA9-8624-B01281C5BB41}.Release|Any CPU.Build.0 = Release|Any CPU
		{EE9A32AF-4F9D-4568-94C1-D76B96E3503B}.Debug|Any CPU.ActiveCfg = Debug|Any CPU
		{EE9A32AF-4F9D-4568-94C1-D76B96E3503B}.Debug|Any CPU.Build.0 = Debug|Any CPU
		{EE9A32AF-4F9D-4568-94C1-D76B96E3503B}.Release|Any CPU.ActiveCfg = Release|Any CPU
		{EE9A32AF-4F9D-4568-94C1-D76B96E3503B}.Release|Any CPU.Build.0 = Release|Any CPU
	EndGlobalSection
	GlobalSection(SolutionProperties) = preSolution
		HideSolutionNode = FALSE
	EndGlobalSection
	GlobalSection(ExtensibilityGlobals) = postSolution
		SolutionGuid = {602D8A27-8E69-40B1-9CBD-EDE02E6E0508}
	EndGlobalSection
EndGlobal
